
Microsoft Visual Studio Solution File, Format Version 12.00
# Visual Studio Version 16
VisualStudioVersion = 16.0.29728.190
MinimumVisualStudioVersion = 10.0.40219.1
Project("{FAE04EC0-301F-11D3-BF4B-00C04F79EFBC}") = "WPFUI", "WPFUI\WPFUI.csproj", "{36E2DCB1-01E5-48E9-9311-3877FA405D95}"
EndProject
Project("{FAE04EC0-301F-11D3-BF4B-00C04F79EFBC}") = "Engine", "Engine\Engine.csproj", "{BF239EDE-D14A-418E-A884-DA20A9AA7422}"
EndProject
Global
	GlobalSection(SolutionConfigurationPlatforms) = preSolution
		Debug|Any CPU = Debug|Any CPU
		Release|Any CPU = Release|Any CPU
	EndGlobalSection
	GlobalSection(ProjectConfigurationPlatforms) = postSolution
		{36E2DCB1-01E5-48E9-9311-3877FA405D95}.Debug|Any CPU.ActiveCfg = Debug|Any CPU
		{36E2DCB1-01E5-48E9-9311-3877FA405D95}.Debug|Any CPU.Build.0 = Debug|Any CPU
		{36E2DCB1-01E5-48E9-9311-3877FA405D95}.Release|Any CPU.ActiveCfg = Release|Any CPU
		{36E2DCB1-01E5-48E9-9311-3877FA405D95}.Release|Any CPU.Build.0 = Release|Any CPU
		{BF239EDE-D14A-418E-A884-DA20A9AA7422}.Debug|Any CPU.ActiveCfg = Debug|Any CPU
		{BF239EDE-D14A-418E-A884-DA20A9AA7422}.Debug|Any CPU.Build.0 = Debug|Any CPU
		{BF239EDE-D14A-418E-A884-DA20A9AA7422}.Release|Any CPU.ActiveCfg = Release|Any CPU
		{BF239EDE-D14A-418E-A884-DA20A9AA7422}.Release|Any CPU.Build.0 = Release|Any CPU
	EndGlobalSection
	GlobalSection(SolutionProperties) = preSolution
		HideSolutionNode = FALSE
	EndGlobalSection
	GlobalSection(ExtensibilityGlobals) = postSolution
		SolutionGuid = {2936D5E8-9F46-48D3-B711-95B61DA5BBE4}
	EndGlobalSection
EndGlobal
